
Microsoft Visual Studio Solution File, Format Version 12.00
# Visual Studio Version 17
VisualStudioVersion = 17.9.34728.123
MinimumVisualStudioVersion = 10.0.40219.1
Project("{9A19103F-16F7-4668-BE54-9A1E7A4F7556}") = "Insurance.Proposal.INDT.Api", "Seguros.INDT.Api\Insurance.Proposal.INDT.Api.csproj", "{0FDBB521-81C1-42E0-90DC-7303C17A5BDD}"
EndProject
Project("{9A19103F-16F7-4668-BE54-9A1E7A4F7556}") = "Insurance.INDT.Domain", "Seguros.INDT.Domain\Insurance.INDT.Domain.csproj", "{3A4D624B-9517-4336-8710-E20BEEFA3580}"
EndProject
Project("{9A19103F-16F7-4668-BE54-9A1E7A4F7556}") = "Insurance.INDT.Application", "Insurance.INDT.Application\Insurance.INDT.Application.csproj", "{54F02D2E-F6C2-4B0F-8BE9-9551D6F0AC81}"
EndProject
Project("{9A19103F-16F7-4668-BE54-9A1E7A4F7556}") = "Insurance.INDT.Dto", "Insurance.INDT.Dto\Insurance.INDT.Dto.csproj", "{2141F3E1-D313-4478-9D09-ADC77BB7DF11}"
EndProject
Project("{9A19103F-16F7-4668-BE54-9A1E7A4F7556}") = "Insurance.INDT.Infra.Mysql.Repository", "Insurance.INDT.Repository\Insurance.INDT.Infra.Mysql.Repository.csproj", "{35E8F668-C063-49C6-8668-A6054DE6D7BB}"
EndProject
Project("{2150E333-8FDC-42A3-9474-1A3956D46DE8}") = "Solution Items", "Solution Items", "{BCAAF928-A6E5-480A-969E-EF849D4C2BFF}"
	ProjectSection(SolutionItems) = preProject
		Readme.txt = Readme.txt
	EndProjectSection
EndProject
Project("{FAE04EC0-301F-11D3-BF4B-00C04F79EFBC}") = "Insurance.Proposal.INDT.Tests", "Insurance.Proposal.INDT.Tests\Insurance.Proposal.INDT.Tests.csproj", "{B4ED3D82-D372-4E46-A564-1B460620639F}"
EndProject
Global
	GlobalSection(SolutionConfigurationPlatforms) = preSolution
		Debug|Any CPU = Debug|Any CPU
		Release|Any CPU = Release|Any CPU
	EndGlobalSection
	GlobalSection(ProjectConfigurationPlatforms) = postSolution
		{0FDBB521-81C1-42E0-90DC-7303C17A5BDD}.Debug|Any CPU.ActiveCfg = Debug|Any CPU
		{0FDBB521-81C1-42E0-90DC-7303C17A5BDD}.Debug|Any CPU.Build.0 = Debug|Any CPU
		{0FDBB521-81C1-42E0-90DC-7303C17A5BDD}.Release|Any CPU.ActiveCfg = Release|Any CPU
		{0FDBB521-81C1-42E0-90DC-7303C17A5BDD}.Release|Any CPU.Build.0 = Release|Any CPU
		{3A4D624B-9517-4336-8710-E20BEEFA3580}.Debug|Any CPU.ActiveCfg = Debug|Any CPU
		{3A4D624B-9517-4336-8710-E20BEEFA3580}.Debug|Any CPU.Build.0 = Debug|Any CPU
		{3A4D624B-9517-4336-8710-E20BEEFA3580}.Release|Any CPU.ActiveCfg = Release|Any CPU
		{3A4D624B-9517-4336-8710-E20BEEFA3580}.Release|Any CPU.Build.0 = Release|Any CPU
		{54F02D2E-F6C2-4B0F-8BE9-9551D6F0AC81}.Debug|Any CPU.ActiveCfg = Debug|Any CPU
		{54F02D2E-F6C2-4B0F-8BE9-9551D6F0AC81}.Debug|Any CPU.Build.0 = Debug|Any CPU
		{54F02D2E-F6C2-4B0F-8BE9-9551D6F0AC81}.Release|Any CPU.ActiveCfg = Release|Any CPU
		{54F02D2E-F6C2-4B0F-8BE9-9551D6F0AC81}.Release|Any CPU.Build.0 = Release|Any CPU
		{2141F3E1-D313-4478-9D09-ADC77BB7DF11}.Debug|Any CPU.ActiveCfg = Debug|Any CPU
		{2141F3E1-D313-4478-9D09-ADC77BB7DF11}.Debug|Any CPU.Build.0 = Debug|Any CPU
		{2141F3E1-D313-4478-9D09-ADC77BB7DF11}.Release|Any CPU.ActiveCfg = Release|Any CPU
		{2141F3E1-D313-4478-9D09-ADC77BB7DF11}.Release|Any CPU.Build.0 = Release|Any CPU
		{35E8F668-C063-49C6-8668-A6054DE6D7BB}.Debug|Any CPU.ActiveCfg = Debug|Any CPU
		{35E8F668-C063-49C6-8668-A6054DE6D7BB}.Debug|Any CPU.Build.0 = Debug|Any CPU
		{35E8F668-C063-49C6-8668-A6054DE6D7BB}.Release|Any CPU.ActiveCfg = Release|Any CPU
		{35E8F668-C063-49C6-8668-A6054DE6D7BB}.Release|Any CPU.Build.0 = Release|Any CPU
		{B4ED3D82-D372-4E46-A564-1B460620639F}.Debug|Any CPU.ActiveCfg = Debug|Any CPU
		{B4ED3D82-D372-4E46-A564-1B460620639F}.Debug|Any CPU.Build.0 = Debug|Any CPU
		{B4ED3D82-D372-4E46-A564-1B460620639F}.Release|Any CPU.ActiveCfg = Release|Any CPU
		{B4ED3D82-D372-4E46-A564-1B460620639F}.Release|Any CPU.Build.0 = Release|Any CPU
	EndGlobalSection
	GlobalSection(SolutionProperties) = preSolution
		HideSolutionNode = FALSE
	EndGlobalSection
	GlobalSection(ExtensibilityGlobals) = postSolution
		SolutionGuid = {25FF1BB3-D5DC-4802-8CC7-CF48703B6BBB}
	EndGlobalSection
EndGlobal
