
Microsoft Visual Studio Solution File, Format Version 12.00
# Visual Studio Version 17
VisualStudioVersion = 17.9.34728.123
MinimumVisualStudioVersion = 10.0.40219.1
Project("{9A19103F-16F7-4668-BE54-9A1E7A4F7556}") = "Insurance.INDT.Application", "Insurance.INDT.Application\Insurance.INDT.Application.csproj", "{54F02D2E-F6C2-4B0F-8BE9-9551D6F0AC81}"
EndProject
Project("{9A19103F-16F7-4668-BE54-9A1E7A4F7556}") = "Insurance.INDT.Infra.Mysql.Repository", "Insurance.INDT.Repository\Insurance.INDT.Infra.Mysql.Repository.csproj", "{35E8F668-C063-49C6-8668-A6054DE6D7BB}"
EndProject
Project("{2150E333-8FDC-42A3-9474-1A3956D46DE8}") = "Solution Items", "Solution Items", "{BCAAF928-A6E5-480A-969E-EF849D4C2BFF}"
	ProjectSection(SolutionItems) = preProject
		Readme.txt = Readme.txt
	EndProjectSection
EndProject
Project("{9A19103F-16F7-4668-BE54-9A1E7A4F7556}") = "Insurance.Proposal.INDT.Tests", "Insurance.Proposal.INDT.Tests\Insurance.Proposal.INDT.Tests.csproj", "{B4ED3D82-D372-4E46-A564-1B460620639F}"
EndProject
Project("{9A19103F-16F7-4668-BE54-9A1E7A4F7556}") = "Insurance.Proposal.INDT.Api", "Insurance.INDT.Api\Insurance.Proposal.INDT.Api.csproj", "{FA64B4B3-2441-4AF8-B190-395B46C57EE2}"
EndProject
Project("{2150E333-8FDC-42A3-9474-1A3956D46DE8}") = "Common", "Common", "{93AFB0E6-645D-40F2-A882-80DA96ECD3DC}"
EndProject
Project("{9A19103F-16F7-4668-BE54-9A1E7A4F7556}") = "INDT.Common.Insurance.Dto", "INDT.Common\INDT.Common.Insurance.Dto\INDT.Common.Insurance.Dto.csproj", "{22CC0058-E300-4633-9DBD-0538494D7289}"
EndProject
Project("{9A19103F-16F7-4668-BE54-9A1E7A4F7556}") = "INDT.Common.Insurance.Domain", "INDT.Common\INDT.Common.Insurance.Domain\INDT.Common.Insurance.Domain.csproj", "{AD622AF1-77DC-47CA-9DC7-C3EFAD0BD175}"
EndProject
Global
	GlobalSection(SolutionConfigurationPlatforms) = preSolution
		Debug|Any CPU = Debug|Any CPU
		Release|Any CPU = Release|Any CPU
	EndGlobalSection
	GlobalSection(ProjectConfigurationPlatforms) = postSolution
		{54F02D2E-F6C2-4B0F-8BE9-9551D6F0AC81}.Debug|Any CPU.ActiveCfg = Debug|Any CPU
		{54F02D2E-F6C2-4B0F-8BE9-9551D6F0AC81}.Debug|Any CPU.Build.0 = Debug|Any CPU
		{54F02D2E-F6C2-4B0F-8BE9-9551D6F0AC81}.Release|Any CPU.ActiveCfg = Release|Any CPU
		{54F02D2E-F6C2-4B0F-8BE9-9551D6F0AC81}.Release|Any CPU.Build.0 = Release|Any CPU
		{35E8F668-C063-49C6-8668-A6054DE6D7BB}.Debug|Any CPU.ActiveCfg = Debug|Any CPU
		{35E8F668-C063-49C6-8668-A6054DE6D7BB}.Debug|Any CPU.Build.0 = Debug|Any CPU
		{35E8F668-C063-49C6-8668-A6054DE6D7BB}.Release|Any CPU.ActiveCfg = Release|Any CPU
		{35E8F668-C063-49C6-8668-A6054DE6D7BB}.Release|Any CPU.Build.0 = Release|Any CPU
		{B4ED3D82-D372-4E46-A564-1B460620639F}.Debug|Any CPU.ActiveCfg = Debug|Any CPU
		{B4ED3D82-D372-4E46-A564-1B460620639F}.Debug|Any CPU.Build.0 = Debug|Any CPU
		{B4ED3D82-D372-4E46-A564-1B460620639F}.Release|Any CPU.ActiveCfg = Release|Any CPU
		{B4ED3D82-D372-4E46-A564-1B460620639F}.Release|Any CPU.Build.0 = Release|Any CPU
		{FA64B4B3-2441-4AF8-B190-395B46C57EE2}.Debug|Any CPU.ActiveCfg = Debug|Any CPU
		{FA64B4B3-2441-4AF8-B190-395B46C57EE2}.Debug|Any CPU.Build.0 = Debug|Any CPU
		{FA64B4B3-2441-4AF8-B190-395B46C57EE2}.Release|Any CPU.ActiveCfg = Release|Any CPU
		{FA64B4B3-2441-4AF8-B190-395B46C57EE2}.Release|Any CPU.Build.0 = Release|Any CPU
		{22CC0058-E300-4633-9DBD-0538494D7289}.Debug|Any CPU.ActiveCfg = Debug|Any CPU
		{22CC0058-E300-4633-9DBD-0538494D7289}.Debug|Any CPU.Build.0 = Debug|Any CPU
		{22CC0058-E300-4633-9DBD-0538494D7289}.Release|Any CPU.ActiveCfg = Release|Any CPU
		{22CC0058-E300-4633-9DBD-0538494D7289}.Release|Any CPU.Build.0 = Release|Any CPU
		{AD622AF1-77DC-47CA-9DC7-C3EFAD0BD175}.Debug|Any CPU.ActiveCfg = Debug|Any CPU
		{AD622AF1-77DC-47CA-9DC7-C3EFAD0BD175}.Debug|Any CPU.Build.0 = Debug|Any CPU
		{AD622AF1-77DC-47CA-9DC7-C3EFAD0BD175}.Release|Any CPU.ActiveCfg = Release|Any CPU
		{AD622AF1-77DC-47CA-9DC7-C3EFAD0BD175}.Release|Any CPU.Build.0 = Release|Any CPU
	EndGlobalSection
	GlobalSection(SolutionProperties) = preSolution
		HideSolutionNode = FALSE
	EndGlobalSection
	GlobalSection(NestedProjects) = preSolution
		{22CC0058-E300-4633-9DBD-0538494D7289} = {93AFB0E6-645D-40F2-A882-80DA96ECD3DC}
		{AD622AF1-77DC-47CA-9DC7-C3EFAD0BD175} = {93AFB0E6-645D-40F2-A882-80DA96ECD3DC}
	EndGlobalSection
	GlobalSection(ExtensibilityGlobals) = postSolution
		SolutionGuid = {25FF1BB3-D5DC-4802-8CC7-CF48703B6BBB}
	EndGlobalSection
EndGlobal
